// !$*UTF8*$!
{
	archiveVersion = 1;
	classes = {
	};
	objectVersion = 50;
	objects = {

/* Begin PBXBuildFile section */
		1B24D45B24A47E3F00B0ACBB /* AppDelegate.swift in Sources */ = {isa = PBXBuildFile; fileRef = 1B24D45A24A47E3F00B0ACBB /* AppDelegate.swift */; };
		1B24D45D24A47E3F00B0ACBB /* SceneDelegate.swift in Sources */ = {isa = PBXBuildFile; fileRef = 1B24D45C24A47E3F00B0ACBB /* SceneDelegate.swift */; };
		1B24D45F24A47E3F00B0ACBB /* ViewController.swift in Sources */ = {isa = PBXBuildFile; fileRef = 1B24D45E24A47E3F00B0ACBB /* ViewController.swift */; };
		1B24D46224A47E3F00B0ACBB /* Main.storyboard in Resources */ = {isa = PBXBuildFile; fileRef = 1B24D46024A47E3F00B0ACBB /* Main.storyboard */; };
		1B24D46424A47E4400B0ACBB /* Assets.xcassets in Resources */ = {isa = PBXBuildFile; fileRef = 1B24D46324A47E4400B0ACBB /* Assets.xcassets */; };
		1B24D46724A47E4400B0ACBB /* LaunchScreen.storyboard in Resources */ = {isa = PBXBuildFile; fileRef = 1B24D46524A47E4400B0ACBB /* LaunchScreen.storyboard */; };
		1B24D46F24A485E200B0ACBB /* RecordWhistleViewController.swift in Sources */ = {isa = PBXBuildFile; fileRef = 1B24D46E24A485E200B0ACBB /* RecordWhistleViewController.swift */; };
		1B24D47124A4B0B800B0ACBB /* DateFormat-Extension.swift in Sources */ = {isa = PBXBuildFile; fileRef = 1B24D47024A4B0B800B0ACBB /* DateFormat-Extension.swift */; };
		1B24D47324A4BB9F00B0ACBB /* SelectGenreViewController.swift in Sources */ = {isa = PBXBuildFile; fileRef = 1B24D47224A4BB9F00B0ACBB /* SelectGenreViewController.swift */; };
		1B24D47524A4BDAD00B0ACBB /* AddCommentsViewController.swift in Sources */ = {isa = PBXBuildFile; fileRef = 1B24D47424A4BDAD00B0ACBB /* AddCommentsViewController.swift */; };
		1B24D47724A4C3CE00B0ACBB /* SubmitViewController.swift in Sources */ = {isa = PBXBuildFile; fileRef = 1B24D47624A4C3CE00B0ACBB /* SubmitViewController.swift */; };
		1B309E6624A5F7BA005FDE9E /* CloudKit.framework in Frameworks */ = {isa = PBXBuildFile; fileRef = 1B309E6524A5F7BA005FDE9E /* CloudKit.framework */; };
		1B309E6824A60409005FDE9E /* Whistle.swift in Sources */ = {isa = PBXBuildFile; fileRef = 1B309E6724A60409005FDE9E /* Whistle.swift */; };
		1B4BAF2724AB165C008E0228 /* MyGenresViewController.swift in Sources */ = {isa = PBXBuildFile; fileRef = 1B4BAF2624AB165C008E0228 /* MyGenresViewController.swift */; };
		1B605D2624A9D0750047759B /* ResultsViewController.swift in Sources */ = {isa = PBXBuildFile; fileRef = 1B605D2524A9D0750047759B /* ResultsViewController.swift */; };
/* End PBXBuildFile section */

/* Begin PBXFileReference section */
		1B24D45724A47E3F00B0ACBB /* Whats_that_whistle.app */ = {isa = PBXFileReference; explicitFileType = wrapper.application; includeInIndex = 0; path = Whats_that_whistle.app; sourceTree = BUILT_PRODUCTS_DIR; };
		1B24D45A24A47E3F00B0ACBB /* AppDelegate.swift */ = {isa = PBXFileReference; lastKnownFileType = sourcecode.swift; path = AppDelegate.swift; sourceTree = "<group>"; };
		1B24D45C24A47E3F00B0ACBB /* SceneDelegate.swift */ = {isa = PBXFileReference; lastKnownFileType = sourcecode.swift; path = SceneDelegate.swift; sourceTree = "<group>"; };
		1B24D45E24A47E3F00B0ACBB /* ViewController.swift */ = {isa = PBXFileReference; lastKnownFileType = sourcecode.swift; path = ViewController.swift; sourceTree = "<group>"; };
		1B24D46124A47E3F00B0ACBB /* Base */ = {isa = PBXFileReference; lastKnownFileType = file.storyboard; name = Base; path = Base.lproj/Main.storyboard; sourceTree = "<group>"; };
		1B24D46324A47E4400B0ACBB /* Assets.xcassets */ = {isa = PBXFileReference; lastKnownFileType = folder.assetcatalog; path = Assets.xcassets; sourceTree = "<group>"; };
		1B24D46624A47E4400B0ACBB /* Base */ = {isa = PBXFileReference; lastKnownFileType = file.storyboard; name = Base; path = Base.lproj/LaunchScreen.storyboard; sourceTree = "<group>"; };
		1B24D46824A47E4400B0ACBB /* Info.plist */ = {isa = PBXFileReference; lastKnownFileType = text.plist.xml; path = Info.plist; sourceTree = "<group>"; };
		1B24D46E24A485E200B0ACBB /* RecordWhistleViewController.swift */ = {isa = PBXFileReference; lastKnownFileType = sourcecode.swift; path = RecordWhistleViewController.swift; sourceTree = "<group>"; };
		1B24D47024A4B0B800B0ACBB /* DateFormat-Extension.swift */ = {isa = PBXFileReference; lastKnownFileType = sourcecode.swift; path = "DateFormat-Extension.swift"; sourceTree = "<group>"; };
		1B24D47224A4BB9F00B0ACBB /* SelectGenreViewController.swift */ = {isa = PBXFileReference; lastKnownFileType = sourcecode.swift; path = SelectGenreViewController.swift; sourceTree = "<group>"; };
		1B24D47424A4BDAD00B0ACBB /* AddCommentsViewController.swift */ = {isa = PBXFileReference; lastKnownFileType = sourcecode.swift; path = AddCommentsViewController.swift; sourceTree = "<group>"; };
		1B24D47624A4C3CE00B0ACBB /* SubmitViewController.swift */ = {isa = PBXFileReference; lastKnownFileType = sourcecode.swift; path = SubmitViewController.swift; sourceTree = "<group>"; };
		1B309E6324A5F7B5005FDE9E /* Whats_that_whistle.entitlements */ = {isa = PBXFileReference; lastKnownFileType = text.plist.entitlements; path = Whats_that_whistle.entitlements; sourceTree = "<group>"; };
		1B309E6524A5F7BA005FDE9E /* CloudKit.framework */ = {isa = PBXFileReference; lastKnownFileType = wrapper.framework; name = CloudKit.framework; path = System/Library/Frameworks/CloudKit.framework; sourceTree = SDKROOT; };
		1B309E6724A60409005FDE9E /* Whistle.swift */ = {isa = PBXFileReference; lastKnownFileType = sourcecode.swift; path = Whistle.swift; sourceTree = "<group>"; };
		1B4BAF2624AB165C008E0228 /* MyGenresViewController.swift */ = {isa = PBXFileReference; lastKnownFileType = sourcecode.swift; path = MyGenresViewController.swift; sourceTree = "<group>"; };
		1B605D2524A9D0750047759B /* ResultsViewController.swift */ = {isa = PBXFileReference; lastKnownFileType = sourcecode.swift; path = ResultsViewController.swift; sourceTree = "<group>"; };
/* End PBXFileReference section */

/* Begin PBXFrameworksBuildPhase section */
		1B24D45424A47E3F00B0ACBB /* Frameworks */ = {
			isa = PBXFrameworksBuildPhase;
			buildActionMask = 2147483647;
			files = (
				1B309E6624A5F7BA005FDE9E /* CloudKit.framework in Frameworks */,
			);
			runOnlyForDeploymentPostprocessing = 0;
		};
/* End PBXFrameworksBuildPhase section */

/* Begin PBXGroup section */
		1B24D44E24A47E3F00B0ACBB = {
			isa = PBXGroup;
			children = (
				1B24D45924A47E3F00B0ACBB /* Whats_that_whistle */,
				1B24D45824A47E3F00B0ACBB /* Products */,
				1B309E6424A5F7BA005FDE9E /* Frameworks */,
			);
			sourceTree = "<group>";
		};
		1B24D45824A47E3F00B0ACBB /* Products */ = {
			isa = PBXGroup;
			children = (
				1B24D45724A47E3F00B0ACBB /* Whats_that_whistle.app */,
			);
			name = Products;
			sourceTree = "<group>";
		};
		1B24D45924A47E3F00B0ACBB /* Whats_that_whistle */ = {
			isa = PBXGroup;
			children = (
				1B309E6B24A6072E005FDE9E /* Helpers */,
				1B309E6A24A6070B005FDE9E /* ViewControlller */,
				1B309E6924A60703005FDE9E /* Model */,
				1B24D45A24A47E3F00B0ACBB /* AppDelegate.swift */,
				1B24D45C24A47E3F00B0ACBB /* SceneDelegate.swift */,
				1B24D46024A47E3F00B0ACBB /* Main.storyboard */,
				1B24D46324A47E4400B0ACBB /* Assets.xcassets */,
				1B24D46524A47E4400B0ACBB /* LaunchScreen.storyboard */,
				1B24D46824A47E4400B0ACBB /* Info.plist */,
				1B309E6324A5F7B5005FDE9E /* Whats_that_whistle.entitlements */,
			);
			path = Whats_that_whistle;
			sourceTree = "<group>";
		};
		1B309E6424A5F7BA005FDE9E /* Frameworks */ = {
			isa = PBXGroup;
			children = (
				1B309E6524A5F7BA005FDE9E /* CloudKit.framework */,
			);
			name = Frameworks;
			sourceTree = "<group>";
		};
		1B309E6924A60703005FDE9E /* Model */ = {
			isa = PBXGroup;
			children = (
				1B309E6724A60409005FDE9E /* Whistle.swift */,
			);
			path = Model;
			sourceTree = "<group>";
		};
		1B309E6A24A6070B005FDE9E /* ViewControlller */ = {
			isa = PBXGroup;
			children = (
				1B24D45E24A47E3F00B0ACBB /* ViewController.swift */,
				1B605D2524A9D0750047759B /* ResultsViewController.swift */,
				1B24D47624A4C3CE00B0ACBB /* SubmitViewController.swift */,
				1B24D46E24A485E200B0ACBB /* RecordWhistleViewController.swift */,
				1B24D47224A4BB9F00B0ACBB /* SelectGenreViewController.swift */,
				1B24D47424A4BDAD00B0ACBB /* AddCommentsViewController.swift */,
				1B4BAF2624AB165C008E0228 /* MyGenresViewController.swift */,
			);
			path = ViewControlller;
			sourceTree = "<group>";
		};
		1B309E6B24A6072E005FDE9E /* Helpers */ = {
			isa = PBXGroup;
			children = (
				1B24D47024A4B0B800B0ACBB /* DateFormat-Extension.swift */,
			);
			path = Helpers;
			sourceTree = "<group>";
		};
/* End PBXGroup section */

/* Begin PBXNativeTarget section */
		1B24D45624A47E3F00B0ACBB /* Whats_that_whistle */ = {
			isa = PBXNativeTarget;
			buildConfigurationList = 1B24D46B24A47E4400B0ACBB /* Build configuration list for PBXNativeTarget "Whats_that_whistle" */;
			buildPhases = (
				1B24D45324A47E3F00B0ACBB /* Sources */,
				1B24D45424A47E3F00B0ACBB /* Frameworks */,
				1B24D45524A47E3F00B0ACBB /* Resources */,
			);
			buildRules = (
			);
			dependencies = (
			);
			name = Whats_that_whistle;
			productName = Whats_that_whistle;
			productReference = 1B24D45724A47E3F00B0ACBB /* Whats_that_whistle.app */;
			productType = "com.apple.product-type.application";
		};
/* End PBXNativeTarget section */

/* Begin PBXProject section */
		1B24D44F24A47E3F00B0ACBB /* Project object */ = {
			isa = PBXProject;
			attributes = {
				LastSwiftUpdateCheck = 1130;
				LastUpgradeCheck = 1130;
				ORGANIZATIONNAME = "Levit Kanner";
				TargetAttributes = {
					1B24D45624A47E3F00B0ACBB = {
						CreatedOnToolsVersion = 11.3.1;
					};
				};
			};
			buildConfigurationList = 1B24D45224A47E3F00B0ACBB /* Build configuration list for PBXProject "Whats_that_whistle" */;
			compatibilityVersion = "Xcode 9.3";
			developmentRegion = en;
			hasScannedForEncodings = 0;
			knownRegions = (
				en,
				Base,
			);
			mainGroup = 1B24D44E24A47E3F00B0ACBB;
			productRefGroup = 1B24D45824A47E3F00B0ACBB /* Products */;
			projectDirPath = "";
			projectRoot = "";
			targets = (
				1B24D45624A47E3F00B0ACBB /* Whats_that_whistle */,
			);
		};
/* End PBXProject section */

/* Begin PBXResourcesBuildPhase section */
		1B24D45524A47E3F00B0ACBB /* Resources */ = {
			isa = PBXResourcesBuildPhase;
			buildActionMask = 2147483647;
			files = (
				1B24D46724A47E4400B0ACBB /* LaunchScreen.storyboard in Resources */,
				1B24D46424A47E4400B0ACBB /* Assets.xcassets in Resources */,
				1B24D46224A47E3F00B0ACBB /* Main.storyboard in Resources */,
			);
			runOnlyForDeploymentPostprocessing = 0;
		};
/* End PBXResourcesBuildPhase section */

/* Begin PBXSourcesBuildPhase section */
		1B24D45324A47E3F00B0ACBB /* Sources */ = {
			isa = PBXSourcesBuildPhase;
			buildActionMask = 2147483647;
			files = (
				1B24D47724A4C3CE00B0ACBB /* SubmitViewController.swift in Sources */,
				1B24D45F24A47E3F00B0ACBB /* ViewController.swift in Sources */,
				1B309E6824A60409005FDE9E /* Whistle.swift in Sources */,
				1B605D2624A9D0750047759B /* ResultsViewController.swift in Sources */,
				1B24D45B24A47E3F00B0ACBB /* AppDelegate.swift in Sources */,
				1B24D47324A4BB9F00B0ACBB /* SelectGenreViewController.swift in Sources */,
				1B24D47524A4BDAD00B0ACBB /* AddCommentsViewController.swift in Sources */,
				1B24D46F24A485E200B0ACBB /* RecordWhistleViewController.swift in Sources */,
				1B24D45D24A47E3F00B0ACBB /* SceneDelegate.swift in Sources */,
				1B24D47124A4B0B800B0ACBB /* DateFormat-Extension.swift in Sources */,
				1B4BAF2724AB165C008E0228 /* MyGenresViewController.swift in Sources */,
			);
			runOnlyForDeploymentPostprocessing = 0;
		};
/* End PBXSourcesBuildPhase section */

/* Begin PBXVariantGroup section */
		1B24D46024A47E3F00B0ACBB /* Main.storyboard */ = {
			isa = PBXVariantGroup;
			children = (
				1B24D46124A47E3F00B0ACBB /* Base */,
			);
			name = Main.storyboard;
			sourceTree = "<group>";
		};
		1B24D46524A47E4400B0ACBB /* LaunchScreen.storyboard */ = {
			isa = PBXVariantGroup;
			children = (
				1B24D46624A47E4400B0ACBB /* Base */,
			);
			name = LaunchScreen.storyboard;
			sourceTree = "<group>";
		};
/* End PBXVariantGroup section */

/* Begin XCBuildConfiguration section */
		1B24D46924A47E4400B0ACBB /* Debug */ = {
			isa = XCBuildConfiguration;
			buildSettings = {
				ALWAYS_SEARCH_USER_PATHS = NO;
				CLANG_ANALYZER_NONNULL = YES;
				CLANG_ANALYZER_NUMBER_OBJECT_CONVERSION = YES_AGGRESSIVE;
				CLANG_CXX_LANGUAGE_STANDARD = "gnu++14";
				CLANG_CXX_LIBRARY = "libc++";
				CLANG_ENABLE_MODULES = YES;
				CLANG_ENABLE_OBJC_ARC = YES;
				CLANG_ENABLE_OBJC_WEAK = YES;
				CLANG_WARN_BLOCK_CAPTURE_AUTORELEASING = YES;
				CLANG_WARN_BOOL_CONVERSION = YES;
				CLANG_WARN_COMMA = YES;
				CLANG_WARN_CONSTANT_CONVERSION = YES;
				CLANG_WARN_DEPRECATED_OBJC_IMPLEMENTATIONS = YES;
				CLANG_WARN_DIRECT_OBJC_ISA_USAGE = YES_ERROR;
				CLANG_WARN_DOCUMENTATION_COMMENTS = YES;
				CLANG_WARN_EMPTY_BODY = YES;
				CLANG_WARN_ENUM_CONVERSION = YES;
				CLANG_WARN_INFINITE_RECURSION = YES;
				CLANG_WARN_INT_CONVERSION = YES;
				CLANG_WARN_NON_LITERAL_NULL_CONVERSION = YES;
				CLANG_WARN_OBJC_IMPLICIT_RETAIN_SELF = YES;
				CLANG_WARN_OBJC_LITERAL_CONVERSION = YES;
				CLANG_WARN_OBJC_ROOT_CLASS = YES_ERROR;
				CLANG_WARN_RANGE_LOOP_ANALYSIS = YES;
				CLANG_WARN_STRICT_PROTOTYPES = YES;
				CLANG_WARN_SUSPICIOUS_MOVE = YES;
				CLANG_WARN_UNGUARDED_AVAILABILITY = YES_AGGRESSIVE;
				CLANG_WARN_UNREACHABLE_CODE = YES;
				CLANG_WARN__DUPLICATE_METHOD_MATCH = YES;
				COPY_PHASE_STRIP = NO;
				DEBUG_INFORMATION_FORMAT = dwarf;
				ENABLE_STRICT_OBJC_MSGSEND = YES;
				ENABLE_TESTABILITY = YES;
				GCC_C_LANGUAGE_STANDARD = gnu11;
				GCC_DYNAMIC_NO_PIC = NO;
				GCC_NO_COMMON_BLOCKS = YES;
				GCC_OPTIMIZATION_LEVEL = 0;
				GCC_PREPROCESSOR_DEFINITIONS = (
					"DEBUG=1",
					"$(inherited)",
				);
				GCC_WARN_64_TO_32_BIT_CONVERSION = YES;
				GCC_WARN_ABOUT_RETURN_TYPE = YES_ERROR;
				GCC_WARN_UNDECLARED_SELECTOR = YES;
				GCC_WARN_UNINITIALIZED_AUTOS = YES_AGGRESSIVE;
				GCC_WARN_UNUSED_FUNCTION = YES;
				GCC_WARN_UNUSED_VARIABLE = YES;
				IPHONEOS_DEPLOYMENT_TARGET = 13.2;
				MTL_ENABLE_DEBUG_INFO = INCLUDE_SOURCE;
				MTL_FAST_MATH = YES;
				ONLY_ACTIVE_ARCH = YES;
				SDKROOT = iphoneos;
				SWIFT_ACTIVE_COMPILATION_CONDITIONS = DEBUG;
				SWIFT_OPTIMIZATION_LEVEL = "-Onone";
			};
			name = Debug;
		};
		1B24D46A24A47E4400B0ACBB /* Release */ = {
			isa = XCBuildConfiguration;
			buildSettings = {
				ALWAYS_SEARCH_USER_PATHS = NO;
				CLANG_ANALYZER_NONNULL = YES;
				CLANG_ANALYZER_NUMBER_OBJECT_CONVERSION = YES_AGGRESSIVE;
				CLANG_CXX_LANGUAGE_STANDARD = "gnu++14";
				CLANG_CXX_LIBRARY = "libc++";
				CLANG_ENABLE_MODULES = YES;
				CLANG_ENABLE_OBJC_ARC = YES;
				CLANG_ENABLE_OBJC_WEAK = YES;
				CLANG_WARN_BLOCK_CAPTURE_AUTORELEASING = YES;
				CLANG_WARN_BOOL_CONVERSION = YES;
				CLANG_WARN_COMMA = YES;
				CLANG_WARN_CONSTANT_CONVERSION = YES;
				CLANG_WARN_DEPRECATED_OBJC_IMPLEMENTATIONS = YES;
				CLANG_WARN_DIRECT_OBJC_ISA_USAGE = YES_ERROR;
				CLANG_WARN_DOCUMENTATION_COMMENTS = YES;
				CLANG_WARN_EMPTY_BODY = YES;
				CLANG_WARN_ENUM_CONVERSION = YES;
				CLANG_WARN_INFINITE_RECURSION = YES;
				CLANG_WARN_INT_CONVERSION = YES;
				CLANG_WARN_NON_LITERAL_NULL_CONVERSION = YES;
				CLANG_WARN_OBJC_IMPLICIT_RETAIN_SELF = YES;
				CLANG_WARN_OBJC_LITERAL_CONVERSION = YES;
				CLANG_WARN_OBJC_ROOT_CLASS = YES_ERROR;
				CLANG_WARN_RANGE_LOOP_ANALYSIS = YES;
				CLANG_WARN_STRICT_PROTOTYPES = YES;
				CLANG_WARN_SUSPICIOUS_MOVE = YES;
				CLANG_WARN_UNGUARDED_AVAILABILITY = YES_AGGRESSIVE;
				CLANG_WARN_UNREACHABLE_CODE = YES;
				CLANG_WARN__DUPLICATE_METHOD_MATCH = YES;
				COPY_PHASE_STRIP = NO;
				DEBUG_INFORMATION_FORMAT = "dwarf-with-dsym";
				ENABLE_NS_ASSERTIONS = NO;
				ENABLE_STRICT_OBJC_MSGSEND = YES;
				GCC_C_LANGUAGE_STANDARD = gnu11;
				GCC_NO_COMMON_BLOCKS = YES;
				GCC_WARN_64_TO_32_BIT_CONVERSION = YES;
				GCC_WARN_ABOUT_RETURN_TYPE = YES_ERROR;
				GCC_WARN_UNDECLARED_SELECTOR = YES;
				GCC_WARN_UNINITIALIZED_AUTOS = YES_AGGRESSIVE;
				GCC_WARN_UNUSED_FUNCTION = YES;
				GCC_WARN_UNUSED_VARIABLE = YES;
				IPHONEOS_DEPLOYMENT_TARGET = 13.2;
				MTL_ENABLE_DEBUG_INFO = NO;
				MTL_FAST_MATH = YES;
				SDKROOT = iphoneos;
				SWIFT_COMPILATION_MODE = wholemodule;
				SWIFT_OPTIMIZATION_LEVEL = "-O";
				VALIDATE_PRODUCT = YES;
			};
			name = Release;
		};
		1B24D46C24A47E4400B0ACBB /* Debug */ = {
			isa = XCBuildConfiguration;
			buildSettings = {
				ASSETCATALOG_COMPILER_APPICON_NAME = AppIcon;
				CODE_SIGN_ENTITLEMENTS = Whats_that_whistle/Whats_that_whistle.entitlements;
				CODE_SIGN_STYLE = Automatic;
				DEVELOPMENT_TEAM = 8UW45Q275S;
				INFOPLIST_FILE = Whats_that_whistle/Info.plist;
				LD_RUNPATH_SEARCH_PATHS = (
					"$(inherited)",
					"@executable_path/Frameworks",
				);
				PRODUCT_BUNDLE_IDENTIFIER = "Nikasemo.Whats-that-whistle";
				PRODUCT_NAME = "$(TARGET_NAME)";
				SWIFT_VERSION = 5.0;
				TARGETED_DEVICE_FAMILY = "1,2";
			};
			name = Debug;
		};
		1B24D46D24A47E4400B0ACBB /* Release */ = {
			isa = XCBuildConfiguration;
			buildSettings = {
				ASSETCATALOG_COMPILER_APPICON_NAME = AppIcon;
				CODE_SIGN_ENTITLEMENTS = Whats_that_whistle/Whats_that_whistle.entitlements;
				CODE_SIGN_STYLE = Automatic;
				DEVELOPMENT_TEAM = 8UW45Q275S;
				INFOPLIST_FILE = Whats_that_whistle/Info.plist;
				LD_RUNPATH_SEARCH_PATHS = (
					"$(inherited)",
					"@executable_path/Frameworks",
				);
				PRODUCT_BUNDLE_IDENTIFIER = "Nikasemo.Whats-that-whistle";
				PRODUCT_NAME = "$(TARGET_NAME)";
				SWIFT_VERSION = 5.0;
				TARGETED_DEVICE_FAMILY = "1,2";
			};
			name = Release;
		};
/* End XCBuildConfiguration section */

/* Begin XCConfigurationList section */
		1B24D45224A47E3F00B0ACBB /* Build configuration list for PBXProject "Whats_that_whistle" */ = {
			isa = XCConfigurationList;
			buildConfigurations = (
				1B24D46924A47E4400B0ACBB /* Debug */,
				1B24D46A24A47E4400B0ACBB /* Release */,
			);
			defaultConfigurationIsVisible = 0;
			defaultConfigurationName = Release;
		};
		1B24D46B24A47E4400B0ACBB /* Build configuration list for PBXNativeTarget "Whats_that_whistle" */ = {
			isa = XCConfigurationList;
			buildConfigurations = (
				1B24D46C24A47E4400B0ACBB /* Debug */,
				1B24D46D24A47E4400B0ACBB /* Release */,
			);
			defaultConfigurationIsVisible = 0;
			defaultConfigurationName = Release;
		};
/* End XCConfigurationList section */
	};
	rootObject = 1B24D44F24A47E3F00B0ACBB /* Project object */;
}
